
Microsoft Visual Studio Solution File, Format Version 12.00
# Visual Studio Version 17
VisualStudioVersion = 17.4.33205.214
MinimumVisualStudioVersion = 10.0.40219.1
Project("{9A19103F-16F7-4668-BE54-9A1E7A4F7556}") = "InterviewTasks", "InterviewTasks\InterviewTasks.csproj", "{6F4D1752-2533-4F05-B51D-0A37F6EC7F97}"
EndProject
Project("{9A19103F-16F7-4668-BE54-9A1E7A4F7556}") = "IntersectArraysTests", "IntersectArraysTests\IntersectArraysTests.csproj", "{8467278A-F6FF-4A44-A82C-ED64340D7D9C}"
EndProject
Global
	GlobalSection(SolutionConfigurationPlatforms) = preSolution
		Debug|Any CPU = Debug|Any CPU
		Release|Any CPU = Release|Any CPU
	EndGlobalSection
	GlobalSection(ProjectConfigurationPlatforms) = postSolution
		{6F4D1752-2533-4F05-B51D-0A37F6EC7F97}.Debug|Any CPU.ActiveCfg = Debug|Any CPU
		{6F4D1752-2533-4F05-B51D-0A37F6EC7F97}.Debug|Any CPU.Build.0 = Debug|Any CPU
		{6F4D1752-2533-4F05-B51D-0A37F6EC7F97}.Release|Any CPU.ActiveCfg = Release|Any CPU
		{6F4D1752-2533-4F05-B51D-0A37F6EC7F97}.Release|Any CPU.Build.0 = Release|Any CPU
		{8467278A-F6FF-4A44-A82C-ED64340D7D9C}.Debug|Any CPU.ActiveCfg = Debug|Any CPU
		{8467278A-F6FF-4A44-A82C-ED64340D7D9C}.Debug|Any CPU.Build.0 = Debug|Any CPU
		{8467278A-F6FF-4A44-A82C-ED64340D7D9C}.Release|Any CPU.ActiveCfg = Release|Any CPU
		{8467278A-F6FF-4A44-A82C-ED64340D7D9C}.Release|Any CPU.Build.0 = Release|Any CPU
	EndGlobalSection
	GlobalSection(SolutionProperties) = preSolution
		HideSolutionNode = FALSE
	EndGlobalSection
	GlobalSection(ExtensibilityGlobals) = postSolution
		SolutionGuid = {92F866F3-4BE7-4E30-9D8E-EA747F6FAB79}
	EndGlobalSection
EndGlobal
